
Microsoft Visual Studio Solution File, Format Version 12.00
# Visual Studio Version 17
VisualStudioVersion = 17.2.32526.322
MinimumVisualStudioVersion = 10.0.40219.1
Project("{9A19103F-16F7-4668-BE54-9A1E7A4F7556}") = "Booking.Services.MeetingRooms", "Booking.Services.MeetingRooms\Booking.Services.MeetingRooms.csproj", "{CBD0106C-34FE-4D90-B359-37F75C7EEB3A}"
EndProject
Project("{FAE04EC0-301F-11D3-BF4B-00C04F79EFBC}") = "Booking.Services.Reservations", "Booking.Services.Reservations\Booking.Services.Reservations.csproj", "{9E7D47FD-3D0F-4947-B711-F0A8855A1807}"
EndProject
Global
	GlobalSection(SolutionConfigurationPlatforms) = preSolution
		Debug|Any CPU = Debug|Any CPU
		Release|Any CPU = Release|Any CPU
	EndGlobalSection
	GlobalSection(ProjectConfigurationPlatforms) = postSolution
		{CBD0106C-34FE-4D90-B359-37F75C7EEB3A}.Debug|Any CPU.ActiveCfg = Debug|Any CPU
		{CBD0106C-34FE-4D90-B359-37F75C7EEB3A}.Debug|Any CPU.Build.0 = Debug|Any CPU
		{CBD0106C-34FE-4D90-B359-37F75C7EEB3A}.Release|Any CPU.ActiveCfg = Release|Any CPU
		{CBD0106C-34FE-4D90-B359-37F75C7EEB3A}.Release|Any CPU.Build.0 = Release|Any CPU
		{9E7D47FD-3D0F-4947-B711-F0A8855A1807}.Debug|Any CPU.ActiveCfg = Debug|Any CPU
		{9E7D47FD-3D0F-4947-B711-F0A8855A1807}.Debug|Any CPU.Build.0 = Debug|Any CPU
		{9E7D47FD-3D0F-4947-B711-F0A8855A1807}.Release|Any CPU.ActiveCfg = Release|Any CPU
		{9E7D47FD-3D0F-4947-B711-F0A8855A1807}.Release|Any CPU.Build.0 = Release|Any CPU
	EndGlobalSection
	GlobalSection(SolutionProperties) = preSolution
		HideSolutionNode = FALSE
	EndGlobalSection
	GlobalSection(ExtensibilityGlobals) = postSolution
		SolutionGuid = {252B5F5A-7FE4-4719-B09F-F29AE94FDB4B}
	EndGlobalSection
EndGlobal
